{
    "name": "fold-unfold-all-context-menu",
    "version": "0.1.4",
    "lockfileVersion": 3,
    "requires": true,
    "packages": {
        "": {
            "name": "fold-unfold-all-context-menu",
            "version": "0.1.4",
            "license": "GPL-3.0",
            "engines": {
                "vscode": "^1.0.0"
            }
        }
    }
}
